{
    "_meta": {
        "hash": {
            "sha256": "8700afe9b3ceacc873254a3fa1f0fddefe29adebe8431bd25a097a96b238bde1"
        },
        "pipfile-spec": 6,
        "requires": {
            "python_version": "3.9"
        },
        "sources": [
            {
                "name": "pypi",
                "url": "https://pypi.org/simple",
                "verify_ssl": true
            }
        ]
    },
    "default": {
        "et-xmlfile": {
            "hashes": [
                "sha256:8eb9e2bc2f8c97e37a2dc85a09ecdcdec9d8a396530a6d5a33b30b9a92da0c5c",
                "sha256:a2ba85d1d6a74ef63837eed693bcb89c3f752169b0e3e7ae5b16ca5e1b3deada"
            ],
            "markers": "python_version >= '3.6'",
            "version": "==1.1.0"
        },
        "jdcal": {
            "hashes": [
                "sha256:1abf1305fce18b4e8aa248cf8fe0c56ce2032392bc64bbd61b5dff2a19ec8bba",
                "sha256:472872e096eb8df219c23f2689fc336668bdb43d194094b5cc1707e1640acfc8"
            ],
            "version": "==1.4.1"
        },
        "openpyexcel": {
            "hashes": [
                "sha256:056f7f9cf543218b6e1a7ce2c3399b8c48f377c82c5d5ca23d7c679a660d9a01",
                "sha256:f18f4efadbc25a26870885f342e14b6cd6862ca1f4b8195b394fc2681ccdbaab"
            ],
            "index": "pypi",
            "version": "==2.5.14"
        }
    },
    "develop": {}
}
